// !$*UTF8*$!
{
	archiveVersion = 1;
	classes = {
	};
	objectVersion = 46;
	objects = {

/* Begin PBXBuildFile section */
		1D3623260D0F684500981E51 /* FemininaAppDelegate.m in Sources */ = {isa = PBXBuildFile; fileRef = 1D3623250D0F684500981E51 /* FemininaAppDelegate.m */; };
		1D60589B0D05DD56006BFB54 /* main.m in Sources */ = {isa = PBXBuildFile; fileRef = 29B97316FDCFA39411CA2CEA /* main.m */; };
		1D60589F0D05DD5A006BFB54 /* Foundation.framework in Frameworks */ = {isa = PBXBuildFile; fileRef = 1D30AB110D05D00D00671497 /* Foundation.framework */; };
		1DF5F4E00D08C38300B7A737 /* UIKit.framework in Frameworks */ = {isa = PBXBuildFile; fileRef = 1DF5F4DF0D08C38300B7A737 /* UIKit.framework */; };
		288765A50DF7441C002DB57D /* CoreGraphics.framework in Frameworks */ = {isa = PBXBuildFile; fileRef = 288765A40DF7441C002DB57D /* CoreGraphics.framework */; };
		28AD733F0D9D9553002E5188 /* MainWindow.xib in Resources */ = {isa = PBXBuildFile; fileRef = 28AD733E0D9D9553002E5188 /* MainWindow.xib */; };
		28D7ACF80DDB3853001CB0EB /* FemininaViewController.m in Sources */ = {isa = PBXBuildFile; fileRef = 28D7ACF70DDB3853001CB0EB /* FemininaViewController.m */; };
		4D1CAF9E11264B40008744E2 /* Localizable.strings in Resources */ = {isa = PBXBuildFile; fileRef = 4D1CAF9D11264B40008744E2 /* Localizable.strings */; };
		4D46F7F6112631C20039B934 /* iconfavime.png in Resources */ = {isa = PBXBuildFile; fileRef = 4D46F7F5112631C20039B934 /* iconfavime.png */; };
		4D5E66191124EC4000DAF9BE /* background.png in Resources */ = {isa = PBXBuildFile; fileRef = 4D5E66141124EC3F00DAF9BE /* background.png */; };
		4D5E661A1124EC4000DAF9BE /* btcalculate.png in Resources */ = {isa = PBXBuildFile; fileRef = 4D5E66151124EC4000DAF9BE /* btcalculate.png */; };
		4D5E661B1124EC4000DAF9BE /* btcalculatepressed.png in Resources */ = {isa = PBXBuildFile; fileRef = 4D5E66161124EC4000DAF9BE /* btcalculatepressed.png */; };
		4D5E661C1124EC4000DAF9BE /* icon.png in Resources */ = {isa = PBXBuildFile; fileRef = 4D5E66171124EC4000DAF9BE /* icon.png */; };
		4D5E66221124F04700DAF9BE /* iconemail.png in Resources */ = {isa = PBXBuildFile; fileRef = 4D5E66211124F04700DAF9BE /* iconemail.png */; };
		4D5E66331124F27E00DAF9BE /* MessageUI.framework in Frameworks */ = {isa = PBXBuildFile; fileRef = 4D5E66321124F27E00DAF9BE /* MessageUI.framework */; };
		4DE1BCAE11261FD90060D8DB /* QuartzCore.framework in Frameworks */ = {isa = PBXBuildFile; fileRef = 4DE1BCAD11261FD90060D8DB /* QuartzCore.framework */; };
		4DE1BCB211261FE00060D8DB /* CoreLocation.framework in Frameworks */ = {isa = PBXBuildFile; fileRef = 4DE1BCB111261FE00060D8DB /* CoreLocation.framework */; };
		4DE1BCB611261FED0060D8DB /* AddressBook.framework in Frameworks */ = {isa = PBXBuildFile; fileRef = 4DE1BCB511261FED0060D8DB /* AddressBook.framework */; };
		4DE1BCB811261FF80060D8DB /* AudioToolbox.framework in Frameworks */ = {isa = PBXBuildFile; fileRef = 4DE1BCB711261FF80060D8DB /* AudioToolbox.framework */; };
		4DE1BCBA11261FFE0060D8DB /* MediaPlayer.framework in Frameworks */ = {isa = PBXBuildFile; fileRef = 4DE1BCB911261FFE0060D8DB /* MediaPlayer.framework */; };
		4DE1BCF4112625010060D8DB /* bgaboutad.png in Resources */ = {isa = PBXBuildFile; fileRef = 4DE1BCF3112625010060D8DB /* bgaboutad.png */; };
		4DE6D9881124F77E0050FECB /* FemininaViewController.xib in Resources */ = {isa = PBXBuildFile; fileRef = 4DE6D9871124F77E0050FECB /* FemininaViewController.xib */; };
/* End PBXBuildFile section */

/* Begin PBXFileReference section */
		1D30AB110D05D00D00671497 /* Foundation.framework */ = {isa = PBXFileReference; lastKnownFileType = wrapper.framework; name = Foundation.framework; path = System/Library/Frameworks/Foundation.framework; sourceTree = SDKROOT; };
		1D3623240D0F684500981E51 /* FemininaAppDelegate.h */ = {isa = PBXFileReference; fileEncoding = 4; lastKnownFileType = sourcecode.c.h; path = FemininaAppDelegate.h; sourceTree = "<group>"; };
		1D3623250D0F684500981E51 /* FemininaAppDelegate.m */ = {isa = PBXFileReference; fileEncoding = 4; lastKnownFileType = sourcecode.c.objc; path = FemininaAppDelegate.m; sourceTree = "<group>"; };
		1D6058910D05DD3D006BFB54 /* Feminina.app */ = {isa = PBXFileReference; explicitFileType = wrapper.application; includeInIndex = 0; path = Feminina.app; sourceTree = BUILT_PRODUCTS_DIR; };
		1DF5F4DF0D08C38300B7A737 /* UIKit.framework */ = {isa = PBXFileReference; lastKnownFileType = wrapper.framework; name = UIKit.framework; path = System/Library/Frameworks/UIKit.framework; sourceTree = SDKROOT; };
		288765A40DF7441C002DB57D /* CoreGraphics.framework */ = {isa = PBXFileReference; lastKnownFileType = wrapper.framework; name = CoreGraphics.framework; path = System/Library/Frameworks/CoreGraphics.framework; sourceTree = SDKROOT; };
		2899E5210DE3E06400AC0155 /* English */ = {isa = PBXFileReference; lastKnownFileType = file.xib; name = English; path = English.lproj/FemininaViewController.xib; sourceTree = "<group>"; };
		28AD733E0D9D9553002E5188 /* MainWindow.xib */ = {isa = PBXFileReference; lastKnownFileType = file.xib; path = MainWindow.xib; sourceTree = "<group>"; };
		28D7ACF60DDB3853001CB0EB /* FemininaViewController.h */ = {isa = PBXFileReference; fileEncoding = 4; lastKnownFileType = sourcecode.c.h; path = FemininaViewController.h; sourceTree = "<group>"; };
		28D7ACF70DDB3853001CB0EB /* FemininaViewController.m */ = {isa = PBXFileReference; fileEncoding = 4; lastKnownFileType = sourcecode.c.objc; path = FemininaViewController.m; sourceTree = "<group>"; };
		29B97316FDCFA39411CA2CEA /* main.m */ = {isa = PBXFileReference; fileEncoding = 4; lastKnownFileType = sourcecode.c.objc; path = main.m; sourceTree = "<group>"; };
		32CA4F630368D1EE00C91783 /* Feminina_Prefix.pch */ = {isa = PBXFileReference; fileEncoding = 4; lastKnownFileType = sourcecode.c.h; path = Feminina_Prefix.pch; sourceTree = "<group>"; };
		4D1CAF9A11264B2B008744E2 /* English */ = {isa = PBXFileReference; fileEncoding = 10; lastKnownFileType = text.plist.strings; name = English; path = English.lproj/Localizable.strings; sourceTree = "<group>"; };
		4D1CAF9F11264B45008744E2 /* pt */ = {isa = PBXFileReference; lastKnownFileType = text.plist.strings; name = pt; path = pt.lproj/Localizable.strings; sourceTree = "<group>"; };
		4D46F7F5112631C20039B934 /* iconfavime.png */ = {isa = PBXFileReference; lastKnownFileType = image.png; path = iconfavime.png; sourceTree = "<group>"; };
		4D46F857112635C70039B934 /* pt */ = {isa = PBXFileReference; lastKnownFileType = file.xib; name = pt; path = pt.lproj/FemininaViewController.xib; sourceTree = "<group>"; };
		4D5E66141124EC3F00DAF9BE /* background.png */ = {isa = PBXFileReference; lastKnownFileType = image.png; path = background.png; sourceTree = "<group>"; };
		4D5E66151124EC4000DAF9BE /* btcalculate.png */ = {isa = PBXFileReference; lastKnownFileType = image.png; path = btcalculate.png; sourceTree = "<group>"; };
		4D5E66161124EC4000DAF9BE /* btcalculatepressed.png */ = {isa = PBXFileReference; lastKnownFileType = image.png; path = btcalculatepressed.png; sourceTree = "<group>"; };
		4D5E66171124EC4000DAF9BE /* icon.png */ = {isa = PBXFileReference; lastKnownFileType = image.png; path = icon.png; sourceTree = "<group>"; };
		4D5E66211124F04700DAF9BE /* iconemail.png */ = {isa = PBXFileReference; lastKnownFileType = image.png; path = iconemail.png; sourceTree = "<group>"; };
		4D5E66321124F27E00DAF9BE /* MessageUI.framework */ = {isa = PBXFileReference; lastKnownFileType = wrapper.framework; name = MessageUI.framework; path = System/Library/Frameworks/MessageUI.framework; sourceTree = SDKROOT; };
		4DE1BCAD11261FD90060D8DB /* QuartzCore.framework */ = {isa = PBXFileReference; lastKnownFileType = wrapper.framework; name = QuartzCore.framework; path = System/Library/Frameworks/QuartzCore.framework; sourceTree = SDKROOT; };
		4DE1BCB111261FE00060D8DB /* CoreLocation.framework */ = {isa = PBXFileReference; lastKnownFileType = wrapper.framework; name = CoreLocation.framework; path = System/Library/Frameworks/CoreLocation.framework; sourceTree = SDKROOT; };
		4DE1BCB511261FED0060D8DB /* AddressBook.framework */ = {isa = PBXFileReference; lastKnownFileType = wrapper.framework; name = AddressBook.framework; path = System/Library/Frameworks/AddressBook.framework; sourceTree = SDKROOT; };
		4DE1BCB711261FF80060D8DB /* AudioToolbox.framework */ = {isa = PBXFileReference; lastKnownFileType = wrapper.framework; name = AudioToolbox.framework; path = System/Library/Frameworks/AudioToolbox.framework; sourceTree = SDKROOT; };
		4DE1BCB911261FFE0060D8DB /* MediaPlayer.framework */ = {isa = PBXFileReference; lastKnownFileType = wrapper.framework; name = MediaPlayer.framework; path = System/Library/Frameworks/MediaPlayer.framework; sourceTree = SDKROOT; };
		4DE1BCF3112625010060D8DB /* bgaboutad.png */ = {isa = PBXFileReference; lastKnownFileType = image.png; path = bgaboutad.png; sourceTree = "<group>"; };
		8D1107310486CEB800E47090 /* Feminina-Info.plist */ = {isa = PBXFileReference; fileEncoding = 4; lastKnownFileType = text.plist.xml; path = "Feminina-Info.plist"; plistStructureDefinitionIdentifier = "com.apple.xcode.plist.structure-definition.iphone.info-plist"; sourceTree = "<group>"; };
/* End PBXFileReference section */

/* Begin PBXFrameworksBuildPhase section */
		1D60588F0D05DD3D006BFB54 /* Frameworks */ = {
			isa = PBXFrameworksBuildPhase;
			buildActionMask = 2147483647;
			files = (
				1D60589F0D05DD5A006BFB54 /* Foundation.framework in Frameworks */,
				1DF5F4E00D08C38300B7A737 /* UIKit.framework in Frameworks */,
				288765A50DF7441C002DB57D /* CoreGraphics.framework in Frameworks */,
				4D5E66331124F27E00DAF9BE /* MessageUI.framework in Frameworks */,
				4DE1BCAE11261FD90060D8DB /* QuartzCore.framework in Frameworks */,
				4DE1BCB211261FE00060D8DB /* CoreLocation.framework in Frameworks */,
				4DE1BCB611261FED0060D8DB /* AddressBook.framework in Frameworks */,
				4DE1BCB811261FF80060D8DB /* AudioToolbox.framework in Frameworks */,
				4DE1BCBA11261FFE0060D8DB /* MediaPlayer.framework in Frameworks */,
			);
			runOnlyForDeploymentPostprocessing = 0;
		};
/* End PBXFrameworksBuildPhase section */

/* Begin PBXGroup section */
		080E96DDFE201D6D7F000001 /* Classes */ = {
			isa = PBXGroup;
			children = (
				1D3623240D0F684500981E51 /* FemininaAppDelegate.h */,
				1D3623250D0F684500981E51 /* FemininaAppDelegate.m */,
				28D7ACF60DDB3853001CB0EB /* FemininaViewController.h */,
				28D7ACF70DDB3853001CB0EB /* FemininaViewController.m */,
			);
			path = Classes;
			sourceTree = "<group>";
		};
		19C28FACFE9D520D11CA2CBB /* Products */ = {
			isa = PBXGroup;
			children = (
				1D6058910D05DD3D006BFB54 /* Feminina.app */,
			);
			name = Products;
			sourceTree = "<group>";
		};
		29B97314FDCFA39411CA2CEA /* CustomTemplate */ = {
			isa = PBXGroup;
			children = (
				080E96DDFE201D6D7F000001 /* Classes */,
				29B97315FDCFA39411CA2CEA /* Other Sources */,
				29B97317FDCFA39411CA2CEA /* Resources */,
				29B97323FDCFA39411CA2CEA /* Frameworks */,
				19C28FACFE9D520D11CA2CBB /* Products */,
				4DE1BCB511261FED0060D8DB /* AddressBook.framework */,
				4DE1BCB711261FF80060D8DB /* AudioToolbox.framework */,
			);
			name = CustomTemplate;
			sourceTree = "<group>";
		};
		29B97315FDCFA39411CA2CEA /* Other Sources */ = {
			isa = PBXGroup;
			children = (
				32CA4F630368D1EE00C91783 /* Feminina_Prefix.pch */,
				29B97316FDCFA39411CA2CEA /* main.m */,
			);
			name = "Other Sources";
			sourceTree = "<group>";
		};
		29B97317FDCFA39411CA2CEA /* Resources */ = {
			isa = PBXGroup;
			children = (
				4D1CAF9D11264B40008744E2 /* Localizable.strings */,
				4D46F7F5112631C20039B934 /* iconfavime.png */,
				4DE1BCF3112625010060D8DB /* bgaboutad.png */,
				4D5E66141124EC3F00DAF9BE /* background.png */,
				4D5E66211124F04700DAF9BE /* iconemail.png */,
				4D5E66151124EC4000DAF9BE /* btcalculate.png */,
				4D5E66161124EC4000DAF9BE /* btcalculatepressed.png */,
				4D5E66171124EC4000DAF9BE /* icon.png */,
				4DE6D9871124F77E0050FECB /* FemininaViewController.xib */,
				28AD733E0D9D9553002E5188 /* MainWindow.xib */,
				8D1107310486CEB800E47090 /* Feminina-Info.plist */,
			);
			name = Resources;
			sourceTree = "<group>";
		};
		29B97323FDCFA39411CA2CEA /* Frameworks */ = {
			isa = PBXGroup;
			children = (
				1DF5F4DF0D08C38300B7A737 /* UIKit.framework */,
				1D30AB110D05D00D00671497 /* Foundation.framework */,
				288765A40DF7441C002DB57D /* CoreGraphics.framework */,
				4D5E66321124F27E00DAF9BE /* MessageUI.framework */,
				4DE1BCAD11261FD90060D8DB /* QuartzCore.framework */,
				4DE1BCB111261FE00060D8DB /* CoreLocation.framework */,
				4DE1BCB911261FFE0060D8DB /* MediaPlayer.framework */,
			);
			name = Frameworks;
			sourceTree = "<group>";
		};
/* End PBXGroup section */

/* Begin PBXNativeTarget section */
		1D6058900D05DD3D006BFB54 /* Feminina */ = {
			isa = PBXNativeTarget;
			buildConfigurationList = 1D6058960D05DD3E006BFB54 /* Build configuration list for PBXNativeTarget "Feminina" */;
			buildPhases = (
				1D60588D0D05DD3D006BFB54 /* Resources */,
				1D60588E0D05DD3D006BFB54 /* Sources */,
				1D60588F0D05DD3D006BFB54 /* Frameworks */,
			);
			buildRules = (
			);
			dependencies = (
			);
			name = Feminina;
			productName = Feminina;
			productReference = 1D6058910D05DD3D006BFB54 /* Feminina.app */;
			productType = "com.apple.product-type.application";
		};
/* End PBXNativeTarget section */

/* Begin PBXProject section */
		29B97313FDCFA39411CA2CEA /* Project object */ = {
			isa = PBXProject;
			attributes = {
				BuildIndependentTargetsInParallel = YES;
				ORGANIZATIONNAME = favime;
			};
			buildConfigurationList = C01FCF4E08A954540054247B /* Build configuration list for PBXProject "Feminina" */;
			compatibilityVersion = "Xcode 3.2";
			developmentRegion = English;
			hasScannedForEncodings = 1;
			knownRegions = (
				English,
				Japanese,
				French,
				German,
				pt,
				pt_PT,
			);
			mainGroup = 29B97314FDCFA39411CA2CEA /* CustomTemplate */;
			projectDirPath = "";
			projectRoot = "";
			targets = (
				1D6058900D05DD3D006BFB54 /* Feminina */,
			);
		};
/* End PBXProject section */

/* Begin PBXResourcesBuildPhase section */
		1D60588D0D05DD3D006BFB54 /* Resources */ = {
			isa = PBXResourcesBuildPhase;
			buildActionMask = 2147483647;
			files = (
				28AD733F0D9D9553002E5188 /* MainWindow.xib in Resources */,
				4DE6D9881124F77E0050FECB /* FemininaViewController.xib in Resources */,
				4D5E66191124EC4000DAF9BE /* background.png in Resources */,
				4D5E661A1124EC4000DAF9BE /* btcalculate.png in Resources */,
				4D5E661B1124EC4000DAF9BE /* btcalculatepressed.png in Resources */,
				4D5E661C1124EC4000DAF9BE /* icon.png in Resources */,
				4D5E66221124F04700DAF9BE /* iconemail.png in Resources */,
				4DE1BCF4112625010060D8DB /* bgaboutad.png in Resources */,
				4D46F7F6112631C20039B934 /* iconfavime.png in Resources */,
				4D1CAF9E11264B40008744E2 /* Localizable.strings in Resources */,
			);
			runOnlyForDeploymentPostprocessing = 0;
		};
/* End PBXResourcesBuildPhase section */

/* Begin PBXSourcesBuildPhase section */
		1D60588E0D05DD3D006BFB54 /* Sources */ = {
			isa = PBXSourcesBuildPhase;
			buildActionMask = 2147483647;
			files = (
				1D60589B0D05DD56006BFB54 /* main.m in Sources */,
				1D3623260D0F684500981E51 /* FemininaAppDelegate.m in Sources */,
				28D7ACF80DDB3853001CB0EB /* FemininaViewController.m in Sources */,
			);
			runOnlyForDeploymentPostprocessing = 0;
		};
/* End PBXSourcesBuildPhase section */

/* Begin PBXVariantGroup section */
		4D1CAF9D11264B40008744E2 /* Localizable.strings */ = {
			isa = PBXVariantGroup;
			children = (
				4D1CAF9A11264B2B008744E2 /* English */,
				4D1CAF9F11264B45008744E2 /* pt */,
			);
			name = Localizable.strings;
			sourceTree = "<group>";
		};
		4DE6D9871124F77E0050FECB /* FemininaViewController.xib */ = {
			isa = PBXVariantGroup;
			children = (
				2899E5210DE3E06400AC0155 /* English */,
				4D46F857112635C70039B934 /* pt */,
			);
			name = FemininaViewController.xib;
			sourceTree = "<group>";
		};
/* End PBXVariantGroup section */

/* Begin XCBuildConfiguration section */
		1D6058940D05DD3E006BFB54 /* Debug */ = {
			isa = XCBuildConfiguration;
			buildSettings = {
				ALWAYS_SEARCH_USER_PATHS = NO;
				COPY_PHASE_STRIP = NO;
				GCC_DYNAMIC_NO_PIC = NO;
				GCC_OPTIMIZATION_LEVEL = 0;
				GCC_PRECOMPILE_PREFIX_HEADER = YES;
				GCC_PREFIX_HEADER = Feminina_Prefix.pch;
				INFOPLIST_FILE = "Feminina-Info.plist";
				LIBRARY_SEARCH_PATHS = (
					"$(inherited)",
					"\"$(SRCROOT)/Classes\"",
					"\"$(SRCROOT)\"",
				);
				PRODUCT_NAME = Feminina;
			};
			name = Debug;
		};
		1D6058950D05DD3E006BFB54 /* Release */ = {
			isa = XCBuildConfiguration;
			buildSettings = {
				ALWAYS_SEARCH_USER_PATHS = NO;
				COPY_PHASE_STRIP = YES;
				GCC_PRECOMPILE_PREFIX_HEADER = YES;
				GCC_PREFIX_HEADER = Feminina_Prefix.pch;
				INFOPLIST_FILE = "Feminina-Info.plist";
				LIBRARY_SEARCH_PATHS = (
					"$(inherited)",
					"\"$(SRCROOT)/Classes\"",
					"\"$(SRCROOT)\"",
				);
				PRODUCT_NAME = Feminina;
			};
			name = Release;
		};
		C01FCF4F08A954540054247B /* Debug */ = {
			isa = XCBuildConfiguration;
			buildSettings = {
				ARCHS = "$(ARCHS_STANDARD_32_BIT)";
				"CODE_SIGN_IDENTITY[sdk=iphoneos*]" = "Don't Code Sign";
				GCC_C_LANGUAGE_STANDARD = c99;
				GCC_WARN_ABOUT_RETURN_TYPE = YES;
				GCC_WARN_UNUSED_VARIABLE = YES;
				ONLY_ACTIVE_ARCH = YES;
				PREBINDING = NO;
				"PROVISIONING_PROFILE[sdk=iphoneos*]" = "";
				SDKROOT = iphoneos4.2;
			};
			name = Debug;
		};
		C01FCF5008A954540054247B /* Release */ = {
			isa = XCBuildConfiguration;
			buildSettings = {
				ARCHS = "$(ARCHS_STANDARD_32_BIT)";
				"CODE_SIGN_IDENTITY[sdk=iphoneos*]" = "Don't Code Sign";
				GCC_C_LANGUAGE_STANDARD = c99;
				GCC_WARN_ABOUT_RETURN_TYPE = YES;
				GCC_WARN_UNUSED_VARIABLE = YES;
				ONLY_ACTIVE_ARCH = YES;
				PREBINDING = NO;
				"PROVISIONING_PROFILE[sdk=iphoneos*]" = "";
				SDKROOT = iphoneos4.2;
			};
			name = Release;
		};
/* End XCBuildConfiguration section */

/* Begin XCConfigurationList section */
		1D6058960D05DD3E006BFB54 /* Build configuration list for PBXNativeTarget "Feminina" */ = {
			isa = XCConfigurationList;
			buildConfigurations = (
				1D6058940D05DD3E006BFB54 /* Debug */,
				1D6058950D05DD3E006BFB54 /* Release */,
			);
			defaultConfigurationIsVisible = 0;
			defaultConfigurationName = Release;
		};
		C01FCF4E08A954540054247B /* Build configuration list for PBXProject "Feminina" */ = {
			isa = XCConfigurationList;
			buildConfigurations = (
				C01FCF4F08A954540054247B /* Debug */,
				C01FCF5008A954540054247B /* Release */,
			);
			defaultConfigurationIsVisible = 0;
			defaultConfigurationName = Release;
		};
/* End XCConfigurationList section */
	};
	rootObject = 29B97313FDCFA39411CA2CEA /* Project object */;
}
